
Microsoft Visual Studio Solution File, Format Version 12.00
# Visual Studio Version 17
VisualStudioVersion = 17.10.35122.118
MinimumVisualStudioVersion = 10.0.40219.1
Project("{9A19103F-16F7-4668-BE54-9A1E7A4F7556}") = "Blyskavitsya", "Blyskavitsya\Blyskavitsya.csproj", "{BAE88F0D-4D6D-449E-A292-64457F965B55}"
EndProject
Global
	GlobalSection(SolutionConfigurationPlatforms) = preSolution
		Debug|Any CPU = Debug|Any CPU
		Release|Any CPU = Release|Any CPU
	EndGlobalSection
	GlobalSection(ProjectConfigurationPlatforms) = postSolution
		{BAE88F0D-4D6D-449E-A292-64457F965B55}.Debug|Any CPU.ActiveCfg = Debug|Any CPU
		{BAE88F0D-4D6D-449E-A292-64457F965B55}.Debug|Any CPU.Build.0 = Debug|Any CPU
		{BAE88F0D-4D6D-449E-A292-64457F965B55}.Release|Any CPU.ActiveCfg = Release|Any CPU
		{BAE88F0D-4D6D-449E-A292-64457F965B55}.Release|Any CPU.Build.0 = Release|Any CPU
	EndGlobalSection
	GlobalSection(SolutionProperties) = preSolution
		HideSolutionNode = FALSE
	EndGlobalSection
	GlobalSection(ExtensibilityGlobals) = postSolution
		SolutionGuid = {7C66C449-81CE-4623-A3E0-3E758BF48047}
	EndGlobalSection
EndGlobal
